
Microsoft Visual Studio Solution File, Format Version 12.00
# Visual Studio 15
VisualStudioVersion = 15.0.28010.2050
MinimumVisualStudioVersion = 10.0.40219.1
Project("{FAE04EC0-301F-11D3-BF4B-00C04F79EFBC}") = "CommLikes", "CommLikes\CommLikes.csproj", "{3DD30B15-C52B-49BA-BC2F-03A92FE11ECD}"
EndProject
Global
	GlobalSection(SolutionConfigurationPlatforms) = preSolution
		Debug|Any CPU = Debug|Any CPU
		Release|Any CPU = Release|Any CPU
	EndGlobalSection
	GlobalSection(ProjectConfigurationPlatforms) = postSolution
		{3DD30B15-C52B-49BA-BC2F-03A92FE11ECD}.Debug|Any CPU.ActiveCfg = Debug|Any CPU
		{3DD30B15-C52B-49BA-BC2F-03A92FE11ECD}.Debug|Any CPU.Build.0 = Debug|Any CPU
		{3DD30B15-C52B-49BA-BC2F-03A92FE11ECD}.Debug|Any CPU.Deploy.0 = Debug|Any CPU
		{3DD30B15-C52B-49BA-BC2F-03A92FE11ECD}.Release|Any CPU.ActiveCfg = Release|Any CPU
		{3DD30B15-C52B-49BA-BC2F-03A92FE11ECD}.Release|Any CPU.Build.0 = Release|Any CPU
		{3DD30B15-C52B-49BA-BC2F-03A92FE11ECD}.Release|Any CPU.Deploy.0 = Release|Any CPU
	EndGlobalSection
	GlobalSection(SolutionProperties) = preSolution
		HideSolutionNode = FALSE
	EndGlobalSection
	GlobalSection(ExtensibilityGlobals) = postSolution
		SolutionGuid = {222BBE6C-3A54-4C73-A079-0AF09B3A837C}
	EndGlobalSection
EndGlobal
